{
  "name": "matter",
  "version": "1.0.0",
  "lockfileVersion": 1,
  "requires": true,
  "dependencies": {
    "@types/matter-js": {
      "version": "0.17.1",
      "resolved": "https://registry.npmjs.org/@types/matter-js/-/matter-js-0.17.1.tgz",
      "integrity": "sha512-ocKjz+1Ve7NkSFvFw6pJhE8V5iDjbRr1YiUDR6Oj7JN7u2LIGAgdlYzIoaKrjpWBKvghVVv0iuGRgubyBRUjfA=="
    },
    "@types/p5": {
      "version": "1.3.0",
      "resolved": "https://registry.npmjs.org/@types/p5/-/p5-1.3.0.tgz",
      "integrity": "sha512-Bdaq60LErR9DD8083HpSFs7EoNcrsIZTp7xm7tCn4f7frT83gaeAR31tMFIdX02IS1oCKuKOHOadQvbYXHwZPg=="
    },
    "fsevents": {
      "version": "2.3.2",
      "resolved": "https://registry.npmjs.org/fsevents/-/fsevents-2.3.2.tgz",
      "integrity": "sha512-xiqMQR4xAeHTuB9uWm+fFRcIOgKBMiOBP+eXiyT7jsgVCq1bkVygt00oASowB7EdtpOHaaPgKt812P9ab+DDKA==",
      "optional": true
    },
    "matter-js": {
      "version": "0.17.1",
      "resolved": "https://registry.npmjs.org/matter-js/-/matter-js-0.17.1.tgz",
      "integrity": "sha512-pSquoENJgvSAlQGcA0s5UkmEohGXZaUww2g3B6qG87x0iEcVf+aigMXn5UkFPdnh6w3B+C4vXSLaYqhHwKrOLA=="
    },
    "p5": {
      "version": "1.3.1",
      "resolved": "https://registry.npmjs.org/p5/-/p5-1.3.1.tgz",
      "integrity": "sha512-g7W2htgEwiAEGcl0WHccAJKbunUJwrUojUSR9+KihphJ33p5VpDdh1K8pDx4ppYjOr/lVEXaZ1XXDj27nwlNOg=="
    },
    "prettier": {
      "version": "2.3.1",
      "resolved": "https://registry.npmjs.org/prettier/-/prettier-2.3.1.tgz",
      "integrity": "sha512-p+vNbgpLjif/+D+DwAZAbndtRrR0md0MwfmOVN9N+2RgyACMT+7tfaRnT+WDPkqnuVwleyuBIG2XBxKDme3hPA=="
    },
    "rollup": {
      "version": "2.52.1",
      "resolved": "https://registry.npmjs.org/rollup/-/rollup-2.52.1.tgz",
      "integrity": "sha512-/SPqz8UGnp4P1hq6wc9gdTqA2bXQXGx13TtoL03GBm6qGRI6Hm3p4Io7GeiHNLl0BsQAne1JNYY+q/apcY933w==",
      "requires": {
        "fsevents": "~2.3.2"
      }
    }
  }
}
